// !$*UTF8*$!
{
	archiveVersion = 1;
	classes = {
	};
	objectVersion = 46;
	objects = {

/* Begin PBXBuildFile section */
		26B64999CEA4E74818ABA501 /* Pods_Yosemite.framework in Frameworks */ = {isa = PBXBuildFile; fileRef = D4FAA255A68919EABBAA1707 /* Pods_Yosemite.framework */; };
		687404481CB1AB3400BD2632 /* MainController.swift in Sources */ = {isa = PBXBuildFile; fileRef = 687404471CB1AB3400BD2632 /* MainController.swift */; };
		6874044D1CB1AB4400BD2632 /* AppDelegate.swift in Sources */ = {isa = PBXBuildFile; fileRef = 6874044A1CB1AB4400BD2632 /* AppDelegate.swift */; };
		6874044E1CB1AB4400BD2632 /* Assets.xcassets in Resources */ = {isa = PBXBuildFile; fileRef = 6874044B1CB1AB4400BD2632 /* Assets.xcassets */; };
		687404511CB1AC0C00BD2632 /* Launch Screen.storyboard in Resources */ = {isa = PBXBuildFile; fileRef = 6874044F1CB1AC0C00BD2632 /* Launch Screen.storyboard */; };
		6881EA4C1E29CD360007D873 /* SystemInformation.swift in Sources */ = {isa = PBXBuildFile; fileRef = 6881EA4B1E29CD360007D873 /* SystemInformation.swift */; };
		68D29A101DD79C7D00BFF4D5 /* Chime.mp3 in Resources */ = {isa = PBXBuildFile; fileRef = 68D29A0E1DD79C7D00BFF4D5 /* Chime.mp3 */; };
		68D29A111DD79C7D00BFF4D5 /* Chord.mp3 in Resources */ = {isa = PBXBuildFile; fileRef = 68D29A0F1DD79C7D00BFF4D5 /* Chord.mp3 */; };
		68D29A131DD79C8A00BFF4D5 /* InitialController.swift in Sources */ = {isa = PBXBuildFile; fileRef = 68D29A121DD79C8A00BFF4D5 /* InitialController.swift */; };
		68E589211DD6F6040028B703 /* NT (Black).png in Resources */ = {isa = PBXBuildFile; fileRef = 68E5891F1DD6F6040028B703 /* NT (Black).png */; };
		68E589221DD6F6040028B703 /* NT (White).png in Resources */ = {isa = PBXBuildFile; fileRef = 68E589201DD6F6040028B703 /* NT (White).png */; };
		68E73D321DEFB296008CD686 /* RoundedButton.swift in Sources */ = {isa = PBXBuildFile; fileRef = 68E73D311DEFB296008CD686 /* RoundedButton.swift */; };
		68EB1C831DD7B7070074737B /* SampleController.swift in Sources */ = {isa = PBXBuildFile; fileRef = 68EB1C821DD7B7070074737B /* SampleController.swift */; };
		A24DDA62265C17A200B7D2B5 /* ChatCell.swift in Sources */ = {isa = PBXBuildFile; fileRef = A24DDA61265C17A200B7D2B5 /* ChatCell.swift */; };
		A24DDA66265C182B00B7D2B5 /* MatchCell.swift in Sources */ = {isa = PBXBuildFile; fileRef = A24DDA65265C182B00B7D2B5 /* MatchCell.swift */; };
		A24DDA69265C187D00B7D2B5 /* FactoidCardCell.swift in Sources */ = {isa = PBXBuildFile; fileRef = A24DDA68265C187D00B7D2B5 /* FactoidCardCell.swift */; };
		A24DDA6C265C18A500B7D2B5 /* PersonalQuestionCell.swift in Sources */ = {isa = PBXBuildFile; fileRef = A24DDA6B265C18A500B7D2B5 /* PersonalQuestionCell.swift */; };
		A24DDA6F265C18C600B7D2B5 /* PreferenceCell.swift in Sources */ = {isa = PBXBuildFile; fileRef = A24DDA6E265C18C600B7D2B5 /* PreferenceCell.swift */; };
		A24DDA72265C18DB00B7D2B5 /* SportCell.swift in Sources */ = {isa = PBXBuildFile; fileRef = A24DDA71265C18DB00B7D2B5 /* SportCell.swift */; };
		A24DDA94265C1B7E00B7D2B5 /* Conversation.swift in Sources */ = {isa = PBXBuildFile; fileRef = A24DDA93265C1B7E00B7D2B5 /* Conversation.swift */; };
		A24DDA97265C1BFB00B7D2B5 /* FactoidData.swift in Sources */ = {isa = PBXBuildFile; fileRef = A24DDA96265C1BFB00B7D2B5 /* FactoidData.swift */; };
		A24DDA9A265C1C0500B7D2B5 /* Message.swift in Sources */ = {isa = PBXBuildFile; fileRef = A24DDA99265C1C0500B7D2B5 /* Message.swift */; };
		A24DDA9D265C1C2000B7D2B5 /* User.swift in Sources */ = {isa = PBXBuildFile; fileRef = A24DDA9C265C1C2000B7D2B5 /* User.swift */; };
		A24DDAA0265C1C2400B7D2B5 /* UserData.swift in Sources */ = {isa = PBXBuildFile; fileRef = A24DDA9F265C1C2400B7D2B5 /* UserData.swift */; };
		A24DDAA3265C204400B7D2B5 /* PersonalQuestion.swift in Sources */ = {isa = PBXBuildFile; fileRef = A24DDAA2265C204400B7D2B5 /* PersonalQuestion.swift */; };
		A24DDAA6265C20CD00B7D2B5 /* FactoidCard.swift in Sources */ = {isa = PBXBuildFile; fileRef = A24DDAA5265C20CD00B7D2B5 /* FactoidCard.swift */; };
		A24DDAAA265C213C00B7D2B5 /* UserSerializer.swift in Sources */ = {isa = PBXBuildFile; fileRef = A24DDAA9265C213C00B7D2B5 /* UserSerializer.swift */; };
		A24DDAAE265C21C100B7D2B5 /* GenericSerializer.swift in Sources */ = {isa = PBXBuildFile; fileRef = A24DDAAD265C21C100B7D2B5 /* GenericSerializer.swift */; };
		A24DDAB1265C21CD00B7D2B5 /* MessageSerializer.swift in Sources */ = {isa = PBXBuildFile; fileRef = A24DDAB0265C21CD00B7D2B5 /* MessageSerializer.swift */; };
		A24DDAB4265C21D900B7D2B5 /* ConversationSerializer.swift in Sources */ = {isa = PBXBuildFile; fileRef = A24DDAB3265C21D900B7D2B5 /* ConversationSerializer.swift */; };
		A24DDABC265C32A100B7D2B5 /* RadioButton.swift in Sources */ = {isa = PBXBuildFile; fileRef = A24DDABB265C32A100B7D2B5 /* RadioButton.swift */; };
		A24DDABF265C32B100B7D2B5 /* RadioButtonController.swift in Sources */ = {isa = PBXBuildFile; fileRef = A24DDABE265C32B100B7D2B5 /* RadioButtonController.swift */; };
		A24DDAC3265C35D300B7D2B5 /* QuickFactsView.swift in Sources */ = {isa = PBXBuildFile; fileRef = A24DDAC2265C35D300B7D2B5 /* QuickFactsView.swift */; };
		A24DDAC6265C35E600B7D2B5 /* CardView.swift in Sources */ = {isa = PBXBuildFile; fileRef = A24DDAC5265C35E600B7D2B5 /* CardView.swift */; };
		A24DDACC265C360600B7D2B5 /* SwipeView.swift in Sources */ = {isa = PBXBuildFile; fileRef = A24DDACB265C360600B7D2B5 /* SwipeView.swift */; };
		A24DDAD0265C38E500B7D2B5 /* Frame-Calculator.swift in Sources */ = {isa = PBXBuildFile; fileRef = A24DDACF265C38E500B7D2B5 /* Frame-Calculator.swift */; };
		A24DDAD5265C3A4400B7D2B5 /* GenericController.swift in Sources */ = {isa = PBXBuildFile; fileRef = A24DDAD4265C3A4400B7D2B5 /* GenericController.swift */; };
		A24DDAD8265C3A5300B7D2B5 /* CardPageController.swift in Sources */ = {isa = PBXBuildFile; fileRef = A24DDAD7265C3A5300B7D2B5 /* CardPageController.swift */; };
		A24DDADB265C3A6100B7D2B5 /* QuickFactsController.swift in Sources */ = {isa = PBXBuildFile; fileRef = A24DDADA265C3A6100B7D2B5 /* QuickFactsController.swift */; };
		A24DDADE265C3A6F00B7D2B5 /* SportsController.swift in Sources */ = {isa = PBXBuildFile; fileRef = A24DDADD265C3A6F00B7D2B5 /* SportsController.swift */; };
		A24DDAE1265C3EFA00B7D2B5 /* AccountController.swift in Sources */ = {isa = PBXBuildFile; fileRef = A24DDAE0265C3EFA00B7D2B5 /* AccountController.swift */; };
		A24DDAE4265C406800B7D2B5 /* CardController.swift in Sources */ = {isa = PBXBuildFile; fileRef = A24DDAE3265C406800B7D2B5 /* CardController.swift */; };
		A24DDAE7265C443700B7D2B5 /* ConversationController.swift in Sources */ = {isa = PBXBuildFile; fileRef = A24DDAE6265C443700B7D2B5 /* ConversationController.swift */; };
		A24DDAEA265C473200B7D2B5 /* FactoidCardsController.swift in Sources */ = {isa = PBXBuildFile; fileRef = A24DDAE9265C473200B7D2B5 /* FactoidCardsController.swift */; };
		A24DDAED265C4C1900B7D2B5 /* MessagesController.swift in Sources */ = {isa = PBXBuildFile; fileRef = A24DDAEC265C4C1900B7D2B5 /* MessagesController.swift */; };
		A24DDAF0265C4FB400B7D2B5 /* PersonalQuestionsController.swift in Sources */ = {isa = PBXBuildFile; fileRef = A24DDAEF265C4FB400B7D2B5 /* PersonalQuestionsController.swift */; };
		A24DDAF3265C539B00B7D2B5 /* TestingSerializer.swift in Sources */ = {isa = PBXBuildFile; fileRef = A24DDAF2265C539B00B7D2B5 /* TestingSerializer.swift */; };
		A24DDAF8265C566900B7D2B5 /* chat.png in Resources */ = {isa = PBXBuildFile; fileRef = A24DDAF6265C566800B7D2B5 /* chat.png */; };
		A24DDAF9265C566900B7D2B5 /* account.png in Resources */ = {isa = PBXBuildFile; fileRef = A24DDAF7265C566900B7D2B5 /* account.png */; };
		A24DDB1A265C567700B7D2B5 /* download-27.jpg in Resources */ = {isa = PBXBuildFile; fileRef = A24DDAFC265C567700B7D2B5 /* download-27.jpg */; };
		A24DDB1B265C567700B7D2B5 /* download-26.jpg in Resources */ = {isa = PBXBuildFile; fileRef = A24DDAFD265C567700B7D2B5 /* download-26.jpg */; };
		A24DDB1C265C567700B7D2B5 /* download-18.jpg in Resources */ = {isa = PBXBuildFile; fileRef = A24DDAFE265C567700B7D2B5 /* download-18.jpg */; };
		A24DDB1D265C567700B7D2B5 /* download-24.jpg in Resources */ = {isa = PBXBuildFile; fileRef = A24DDAFF265C567700B7D2B5 /* download-24.jpg */; };
		A24DDB1E265C567700B7D2B5 /* download-9.jpg in Resources */ = {isa = PBXBuildFile; fileRef = A24DDB00265C567700B7D2B5 /* download-9.jpg */; };
		A24DDB1F265C567700B7D2B5 /* download-8.jpg in Resources */ = {isa = PBXBuildFile; fileRef = A24DDB01265C567700B7D2B5 /* download-8.jpg */; };
		A24DDB20265C567700B7D2B5 /* download-25.jpg in Resources */ = {isa = PBXBuildFile; fileRef = A24DDB02265C567700B7D2B5 /* download-25.jpg */; };
		A24DDB21265C567700B7D2B5 /* download-19.jpg in Resources */ = {isa = PBXBuildFile; fileRef = A24DDB03265C567700B7D2B5 /* download-19.jpg */; };
		A24DDB22265C567700B7D2B5 /* download-21.jpg in Resources */ = {isa = PBXBuildFile; fileRef = A24DDB04265C567700B7D2B5 /* download-21.jpg */; };
		A24DDB23265C567700B7D2B5 /* download.jpg in Resources */ = {isa = PBXBuildFile; fileRef = A24DDB05265C567700B7D2B5 /* download.jpg */; };
		A24DDB24265C567700B7D2B5 /* download-20.jpg in Resources */ = {isa = PBXBuildFile; fileRef = A24DDB06265C567700B7D2B5 /* download-20.jpg */; };
		A24DDB25265C567700B7D2B5 /* download-22.jpg in Resources */ = {isa = PBXBuildFile; fileRef = A24DDB07265C567700B7D2B5 /* download-22.jpg */; };
		A24DDB26265C567700B7D2B5 /* download-23.jpg in Resources */ = {isa = PBXBuildFile; fileRef = A24DDB08265C567700B7D2B5 /* download-23.jpg */; };
		A24DDB27265C567700B7D2B5 /* download-12.jpg in Resources */ = {isa = PBXBuildFile; fileRef = A24DDB09265C567700B7D2B5 /* download-12.jpg */; };
		A24DDB28265C567700B7D2B5 /* download-3.jpg in Resources */ = {isa = PBXBuildFile; fileRef = A24DDB0A265C567700B7D2B5 /* download-3.jpg */; };
		A24DDB29265C567700B7D2B5 /* download-2.jpg in Resources */ = {isa = PBXBuildFile; fileRef = A24DDB0B265C567700B7D2B5 /* download-2.jpg */; };
		A24DDB2A265C567700B7D2B5 /* download-13.jpg in Resources */ = {isa = PBXBuildFile; fileRef = A24DDB0C265C567700B7D2B5 /* download-13.jpg */; };
		A24DDB2B265C567700B7D2B5 /* download-11.jpg in Resources */ = {isa = PBXBuildFile; fileRef = A24DDB0D265C567700B7D2B5 /* download-11.jpg */; };
		A24DDB2C265C567700B7D2B5 /* download-1.jpg in Resources */ = {isa = PBXBuildFile; fileRef = A24DDB0E265C567700B7D2B5 /* download-1.jpg */; };
		A24DDB2D265C567700B7D2B5 /* download-10.jpg in Resources */ = {isa = PBXBuildFile; fileRef = A24DDB0F265C567700B7D2B5 /* download-10.jpg */; };
		A24DDB2E265C567700B7D2B5 /* download-14.jpg in Resources */ = {isa = PBXBuildFile; fileRef = A24DDB10265C567700B7D2B5 /* download-14.jpg */; };
		A24DDB2F265C567700B7D2B5 /* download-28.jpg in Resources */ = {isa = PBXBuildFile; fileRef = A24DDB11265C567700B7D2B5 /* download-28.jpg */; };
		A24DDB30265C567700B7D2B5 /* download-5.jpg in Resources */ = {isa = PBXBuildFile; fileRef = A24DDB12265C567700B7D2B5 /* download-5.jpg */; };
		A24DDB31265C567700B7D2B5 /* download-4.jpg in Resources */ = {isa = PBXBuildFile; fileRef = A24DDB13265C567700B7D2B5 /* download-4.jpg */; };
		A24DDB32265C567700B7D2B5 /* download-29.jpg in Resources */ = {isa = PBXBuildFile; fileRef = A24DDB14265C567700B7D2B5 /* download-29.jpg */; };
		A24DDB33265C567700B7D2B5 /* download-15.jpg in Resources */ = {isa = PBXBuildFile; fileRef = A24DDB15265C567700B7D2B5 /* download-15.jpg */; };
		A24DDB34265C567700B7D2B5 /* download-17.jpg in Resources */ = {isa = PBXBuildFile; fileRef = A24DDB16265C567700B7D2B5 /* download-17.jpg */; };
		A24DDB35265C567700B7D2B5 /* download-6.jpg in Resources */ = {isa = PBXBuildFile; fileRef = A24DDB17265C567700B7D2B5 /* download-6.jpg */; };
		A24DDB36265C567700B7D2B5 /* download-7.jpg in Resources */ = {isa = PBXBuildFile; fileRef = A24DDB18265C567700B7D2B5 /* download-7.jpg */; };
		A24DDB37265C567700B7D2B5 /* download-16.jpg in Resources */ = {isa = PBXBuildFile; fileRef = A24DDB19265C567700B7D2B5 /* download-16.jpg */; };
		A24DDB40265C591600B7D2B5 /* AppleGaramond.ttf in Resources */ = {isa = PBXBuildFile; fileRef = A24DDB3A265C591600B7D2B5 /* AppleGaramond.ttf */; };
		A24DDB41265C591600B7D2B5 /* AppleGaramond-LightItalic.ttf in Resources */ = {isa = PBXBuildFile; fileRef = A24DDB3B265C591600B7D2B5 /* AppleGaramond-LightItalic.ttf */; };
		A24DDB42265C591600B7D2B5 /* AppleGaramond-BoldItalic.ttf in Resources */ = {isa = PBXBuildFile; fileRef = A24DDB3C265C591600B7D2B5 /* AppleGaramond-BoldItalic.ttf */; };
		A24DDB43265C591600B7D2B5 /* AppleGaramond-Light.ttf in Resources */ = {isa = PBXBuildFile; fileRef = A24DDB3D265C591600B7D2B5 /* AppleGaramond-Light.ttf */; };
		A24DDB44265C591600B7D2B5 /* AppleGaramond-Italic.ttf in Resources */ = {isa = PBXBuildFile; fileRef = A24DDB3E265C591600B7D2B5 /* AppleGaramond-Italic.ttf */; };
		A24DDB45265C591600B7D2B5 /* AppleGaramond-Bold.ttf in Resources */ = {isa = PBXBuildFile; fileRef = A24DDB3F265C591600B7D2B5 /* AppleGaramond-Bold.ttf */; };
		A24DDB49265C597D00B7D2B5 /* GoogleService-Info.plist in Resources */ = {isa = PBXBuildFile; fileRef = A24DDB48265C597D00B7D2B5 /* GoogleService-Info.plist */; };
		A24DDB4D265C5CDF00B7D2B5 /* QuickFactsView.xib in Resources */ = {isa = PBXBuildFile; fileRef = A24DDB4C265C5CDF00B7D2B5 /* QuickFactsView.xib */; };
		A24DDB50265C5CEC00B7D2B5 /* ExpandedCard.storyboard in Resources */ = {isa = PBXBuildFile; fileRef = A24DDB4F265C5CEC00B7D2B5 /* ExpandedCard.storyboard */; };
		A24DDB53265C5D0000B7D2B5 /* OverlayView.xib in Resources */ = {isa = PBXBuildFile; fileRef = A24DDB52265C5D0000B7D2B5 /* OverlayView.xib */; };
		A24DDB56265C5D0C00B7D2B5 /* CardView.xib in Resources */ = {isa = PBXBuildFile; fileRef = A24DDB55265C5D0C00B7D2B5 /* CardView.xib */; };
		A26961F522376F4600812759 /* Main.storyboard in Resources */ = {isa = PBXBuildFile; fileRef = A26961F322376F4600812759 /* Main.storyboard */; };
		A2A554962577FFBF006D3B3E /* Extensions.swift in Sources */ = {isa = PBXBuildFile; fileRef = A2A554952577FFBF006D3B3E /* Extensions.swift */; };
		A2A5549A25780BCB006D3B3E /* Builder.swift in Sources */ = {isa = PBXBuildFile; fileRef = A2A5549925780BCB006D3B3E /* Builder.swift */; };
		A2A5549D25780BDD006D3B3E /* BuildInfoController.swift in Sources */ = {isa = PBXBuildFile; fileRef = A2A5549C25780BDD006D3B3E /* BuildInfoController.swift */; };
		A2B1F7612458EC8900CB20AF /* ShadowButton.swift in Sources */ = {isa = PBXBuildFile; fileRef = A2B1F7602458EC8900CB20AF /* ShadowButton.swift */; };
		A2CA2D0C257984BF0012DB17 /* San Francisco (Heavy).otf in Resources */ = {isa = PBXBuildFile; fileRef = A2CA2D00257984BE0012DB17 /* San Francisco (Heavy).otf */; };
		A2CA2D0D257984BF0012DB17 /* San Francisco (Bold Italic).otf in Resources */ = {isa = PBXBuildFile; fileRef = A2CA2D01257984BE0012DB17 /* San Francisco (Bold Italic).otf */; };
		A2CA2D0E257984BF0012DB17 /* San Francisco (Regular).otf in Resources */ = {isa = PBXBuildFile; fileRef = A2CA2D02257984BE0012DB17 /* San Francisco (Regular).otf */; };
		A2CA2D0F257984BF0012DB17 /* San Francisco (Semibold Italic).otf in Resources */ = {isa = PBXBuildFile; fileRef = A2CA2D03257984BE0012DB17 /* San Francisco (Semibold Italic).otf */; };
		A2CA2D10257984BF0012DB17 /* San Francisco (Light Italic).otf in Resources */ = {isa = PBXBuildFile; fileRef = A2CA2D04257984BE0012DB17 /* San Francisco (Light Italic).otf */; };
		A2CA2D11257984BF0012DB17 /* San Francisco (Medium).otf in Resources */ = {isa = PBXBuildFile; fileRef = A2CA2D05257984BF0012DB17 /* San Francisco (Medium).otf */; };
		A2CA2D12257984BF0012DB17 /* San Francisco (Regular Italic).otf in Resources */ = {isa = PBXBuildFile; fileRef = A2CA2D06257984BF0012DB17 /* San Francisco (Regular Italic).otf */; };
		A2CA2D13257984BF0012DB17 /* San Francisco (Heavy Italic).otf in Resources */ = {isa = PBXBuildFile; fileRef = A2CA2D07257984BF0012DB17 /* San Francisco (Heavy Italic).otf */; };
		A2CA2D14257984BF0012DB17 /* San Francisco (Semibold).otf in Resources */ = {isa = PBXBuildFile; fileRef = A2CA2D08257984BF0012DB17 /* San Francisco (Semibold).otf */; };
		A2CA2D15257984BF0012DB17 /* San Francisco (Medium Italic).otf in Resources */ = {isa = PBXBuildFile; fileRef = A2CA2D09257984BF0012DB17 /* San Francisco (Medium Italic).otf */; };
		A2CA2D16257984BF0012DB17 /* San Francisco (Light).otf in Resources */ = {isa = PBXBuildFile; fileRef = A2CA2D0A257984BF0012DB17 /* San Francisco (Light).otf */; };
		A2CA2D17257984BF0012DB17 /* San Francisco (Bold).otf in Resources */ = {isa = PBXBuildFile; fileRef = A2CA2D0B257984BF0012DB17 /* San Francisco (Bold).otf */; };
		A2DA693324D74929000CD116 /* AlertKit.swift in Sources */ = {isa = PBXBuildFile; fileRef = A2DA693224D74929000CD116 /* AlertKit.swift */; };
/* End PBXBuildFile section */

/* Begin PBXFileReference section */
		0F2CA65021D1CC4B0CB8E9AE /* Pods-Montblanc.debug.xcconfig */ = {isa = PBXFileReference; includeInIndex = 1; lastKnownFileType = text.xcconfig; name = "Pods-Montblanc.debug.xcconfig"; path = "Pods/Target Support Files/Pods-Montblanc/Pods-Montblanc.debug.xcconfig"; sourceTree = "<group>"; };
		362FCE402C02DE8D09553E07 /* Pods-Gamma.debug.xcconfig */ = {isa = PBXFileReference; includeInIndex = 1; lastKnownFileType = text.xcconfig; name = "Pods-Gamma.debug.xcconfig"; path = "Pods/Target Support Files/Pods-Gamma/Pods-Gamma.debug.xcconfig"; sourceTree = "<group>"; };
		682A9AFD1C8E63E900014EA5 /* Yosemite.app */ = {isa = PBXFileReference; explicitFileType = wrapper.application; includeInIndex = 0; path = Yosemite.app; sourceTree = BUILT_PRODUCTS_DIR; };
		687404471CB1AB3400BD2632 /* MainController.swift */ = {isa = PBXFileReference; fileEncoding = 4; lastKnownFileType = sourcecode.swift; path = MainController.swift; sourceTree = "<group>"; };
		687404491CB1AB4400BD2632 /* Info.plist */ = {isa = PBXFileReference; lastKnownFileType = text.plist; path = Info.plist; sourceTree = "<group>"; };
		6874044A1CB1AB4400BD2632 /* AppDelegate.swift */ = {isa = PBXFileReference; fileEncoding = 4; lastKnownFileType = sourcecode.swift; path = AppDelegate.swift; sourceTree = "<group>"; };
		6874044B1CB1AB4400BD2632 /* Assets.xcassets */ = {isa = PBXFileReference; lastKnownFileType = folder.assetcatalog; path = Assets.xcassets; sourceTree = "<group>"; };
		687404501CB1AC0C00BD2632 /* Base */ = {isa = PBXFileReference; lastKnownFileType = file.storyboard; name = Base; path = "Base.lproj/Launch Screen.storyboard"; sourceTree = "<group>"; };
		6881EA4B1E29CD360007D873 /* SystemInformation.swift */ = {isa = PBXFileReference; fileEncoding = 4; lastKnownFileType = sourcecode.swift; path = SystemInformation.swift; sourceTree = "<group>"; };
		68D29A0E1DD79C7D00BFF4D5 /* Chime.mp3 */ = {isa = PBXFileReference; lastKnownFileType = audio.mp3; path = Chime.mp3; sourceTree = "<group>"; };
		68D29A0F1DD79C7D00BFF4D5 /* Chord.mp3 */ = {isa = PBXFileReference; lastKnownFileType = audio.mp3; path = Chord.mp3; sourceTree = "<group>"; };
		68D29A121DD79C8A00BFF4D5 /* InitialController.swift */ = {isa = PBXFileReference; fileEncoding = 4; lastKnownFileType = sourcecode.swift; path = InitialController.swift; sourceTree = "<group>"; };
		68E5891F1DD6F6040028B703 /* NT (Black).png */ = {isa = PBXFileReference; lastKnownFileType = image.png; path = "NT (Black).png"; sourceTree = "<group>"; };
		68E589201DD6F6040028B703 /* NT (White).png */ = {isa = PBXFileReference; lastKnownFileType = image.png; path = "NT (White).png"; sourceTree = "<group>"; };
		68E73D311DEFB296008CD686 /* RoundedButton.swift */ = {isa = PBXFileReference; fileEncoding = 4; lastKnownFileType = sourcecode.swift; path = RoundedButton.swift; sourceTree = "<group>"; };
		68EB1C821DD7B7070074737B /* SampleController.swift */ = {isa = PBXFileReference; fileEncoding = 4; lastKnownFileType = sourcecode.swift; path = SampleController.swift; sourceTree = "<group>"; };
		70D576B6A083BD10D8E50876 /* Pods-Montblanc.release.xcconfig */ = {isa = PBXFileReference; includeInIndex = 1; lastKnownFileType = text.xcconfig; name = "Pods-Montblanc.release.xcconfig"; path = "Pods/Target Support Files/Pods-Montblanc/Pods-Montblanc.release.xcconfig"; sourceTree = "<group>"; };
		716E2482BFCF9EF240372321 /* Pods-Yosemite.debug.xcconfig */ = {isa = PBXFileReference; includeInIndex = 1; lastKnownFileType = text.xcconfig; name = "Pods-Yosemite.debug.xcconfig"; path = "Pods/Target Support Files/Pods-Yosemite/Pods-Yosemite.debug.xcconfig"; sourceTree = "<group>"; };
		719917EDBE64BB0C5A06C9BB /* Pods-Application.debug.xcconfig */ = {isa = PBXFileReference; includeInIndex = 1; lastKnownFileType = text.xcconfig; name = "Pods-Application.debug.xcconfig"; path = "Pods/Target Support Files/Pods-Application/Pods-Application.debug.xcconfig"; sourceTree = "<group>"; };
		A24DDA61265C17A200B7D2B5 /* ChatCell.swift */ = {isa = PBXFileReference; lastKnownFileType = sourcecode.swift; path = ChatCell.swift; sourceTree = "<group>"; };
		A24DDA65265C182B00B7D2B5 /* MatchCell.swift */ = {isa = PBXFileReference; lastKnownFileType = sourcecode.swift; path = MatchCell.swift; sourceTree = "<group>"; };
		A24DDA68265C187D00B7D2B5 /* FactoidCardCell.swift */ = {isa = PBXFileReference; lastKnownFileType = sourcecode.swift; path = FactoidCardCell.swift; sourceTree = "<group>"; };
		A24DDA6B265C18A500B7D2B5 /* PersonalQuestionCell.swift */ = {isa = PBXFileReference; lastKnownFileType = sourcecode.swift; path = PersonalQuestionCell.swift; sourceTree = "<group>"; };
		A24DDA6E265C18C600B7D2B5 /* PreferenceCell.swift */ = {isa = PBXFileReference; lastKnownFileType = sourcecode.swift; path = PreferenceCell.swift; sourceTree = "<group>"; };
		A24DDA71265C18DB00B7D2B5 /* SportCell.swift */ = {isa = PBXFileReference; lastKnownFileType = sourcecode.swift; path = SportCell.swift; sourceTree = "<group>"; };
		A24DDA93265C1B7E00B7D2B5 /* Conversation.swift */ = {isa = PBXFileReference; lastKnownFileType = sourcecode.swift; path = Conversation.swift; sourceTree = "<group>"; };
		A24DDA96265C1BFB00B7D2B5 /* FactoidData.swift */ = {isa = PBXFileReference; fileEncoding = 4; lastKnownFileType = sourcecode.swift; path = FactoidData.swift; sourceTree = "<group>"; };
		A24DDA99265C1C0500B7D2B5 /* Message.swift */ = {isa = PBXFileReference; fileEncoding = 4; lastKnownFileType = sourcecode.swift; path = Message.swift; sourceTree = "<group>"; };
		A24DDA9C265C1C2000B7D2B5 /* User.swift */ = {isa = PBXFileReference; fileEncoding = 4; lastKnownFileType = sourcecode.swift; path = User.swift; sourceTree = "<group>"; };
		A24DDA9F265C1C2400B7D2B5 /* UserData.swift */ = {isa = PBXFileReference; fileEncoding = 4; lastKnownFileType = sourcecode.swift; path = UserData.swift; sourceTree = "<group>"; };
		A24DDAA2265C204400B7D2B5 /* PersonalQuestion.swift */ = {isa = PBXFileReference; lastKnownFileType = sourcecode.swift; path = PersonalQuestion.swift; sourceTree = "<group>"; };
		A24DDAA5265C20CD00B7D2B5 /* FactoidCard.swift */ = {isa = PBXFileReference; lastKnownFileType = sourcecode.swift; path = FactoidCard.swift; sourceTree = "<group>"; };
		A24DDAA9265C213C00B7D2B5 /* UserSerializer.swift */ = {isa = PBXFileReference; lastKnownFileType = sourcecode.swift; path = UserSerializer.swift; sourceTree = "<group>"; };
		A24DDAAD265C21C100B7D2B5 /* GenericSerializer.swift */ = {isa = PBXFileReference; fileEncoding = 4; lastKnownFileType = sourcecode.swift; path = GenericSerializer.swift; sourceTree = "<group>"; };
		A24DDAB0265C21CD00B7D2B5 /* MessageSerializer.swift */ = {isa = PBXFileReference; fileEncoding = 4; lastKnownFileType = sourcecode.swift; path = MessageSerializer.swift; sourceTree = "<group>"; };
		A24DDAB3265C21D900B7D2B5 /* ConversationSerializer.swift */ = {isa = PBXFileReference; fileEncoding = 4; lastKnownFileType = sourcecode.swift; path = ConversationSerializer.swift; sourceTree = "<group>"; };
		A24DDABB265C32A100B7D2B5 /* RadioButton.swift */ = {isa = PBXFileReference; fileEncoding = 4; lastKnownFileType = sourcecode.swift; path = RadioButton.swift; sourceTree = "<group>"; };
		A24DDABE265C32B100B7D2B5 /* RadioButtonController.swift */ = {isa = PBXFileReference; fileEncoding = 4; lastKnownFileType = sourcecode.swift; path = RadioButtonController.swift; sourceTree = "<group>"; };
		A24DDAC2265C35D300B7D2B5 /* QuickFactsView.swift */ = {isa = PBXFileReference; fileEncoding = 4; lastKnownFileType = sourcecode.swift; path = QuickFactsView.swift; sourceTree = "<group>"; };
		A24DDAC5265C35E600B7D2B5 /* CardView.swift */ = {isa = PBXFileReference; fileEncoding = 4; lastKnownFileType = sourcecode.swift; path = CardView.swift; sourceTree = "<group>"; };
		A24DDACB265C360600B7D2B5 /* SwipeView.swift */ = {isa = PBXFileReference; fileEncoding = 4; lastKnownFileType = sourcecode.swift; path = SwipeView.swift; sourceTree = "<group>"; };
		A24DDACF265C38E500B7D2B5 /* Frame-Calculator.swift */ = {isa = PBXFileReference; fileEncoding = 4; lastKnownFileType = sourcecode.swift; path = "Frame-Calculator.swift"; sourceTree = "<group>"; };
		A24DDAD4265C3A4400B7D2B5 /* GenericController.swift */ = {isa = PBXFileReference; fileEncoding = 4; lastKnownFileType = sourcecode.swift; path = GenericController.swift; sourceTree = "<group>"; };
		A24DDAD7265C3A5300B7D2B5 /* CardPageController.swift */ = {isa = PBXFileReference; fileEncoding = 4; lastKnownFileType = sourcecode.swift; path = CardPageController.swift; sourceTree = "<group>"; };
		A24DDADA265C3A6100B7D2B5 /* QuickFactsController.swift */ = {isa = PBXFileReference; fileEncoding = 4; lastKnownFileType = sourcecode.swift; path = QuickFactsController.swift; sourceTree = "<group>"; };
		A24DDADD265C3A6F00B7D2B5 /* SportsController.swift */ = {isa = PBXFileReference; fileEncoding = 4; lastKnownFileType = sourcecode.swift; path = SportsController.swift; sourceTree = "<group>"; };
		A24DDAE0265C3EFA00B7D2B5 /* AccountController.swift */ = {isa = PBXFileReference; fileEncoding = 4; lastKnownFileType = sourcecode.swift; path = AccountController.swift; sourceTree = "<group>"; };
		A24DDAE3265C406800B7D2B5 /* CardController.swift */ = {isa = PBXFileReference; fileEncoding = 4; lastKnownFileType = sourcecode.swift; path = CardController.swift; sourceTree = "<group>"; };
		A24DDAE6265C443700B7D2B5 /* ConversationController.swift */ = {isa = PBXFileReference; fileEncoding = 4; lastKnownFileType = sourcecode.swift; path = ConversationController.swift; sourceTree = "<group>"; };
		A24DDAE9265C473200B7D2B5 /* FactoidCardsController.swift */ = {isa = PBXFileReference; fileEncoding = 4; lastKnownFileType = sourcecode.swift; path = FactoidCardsController.swift; sourceTree = "<group>"; };
		A24DDAEC265C4C1900B7D2B5 /* MessagesController.swift */ = {isa = PBXFileReference; fileEncoding = 4; lastKnownFileType = sourcecode.swift; path = MessagesController.swift; sourceTree = "<group>"; };
		A24DDAEF265C4FB400B7D2B5 /* PersonalQuestionsController.swift */ = {isa = PBXFileReference; fileEncoding = 4; lastKnownFileType = sourcecode.swift; path = PersonalQuestionsController.swift; sourceTree = "<group>"; };
		A24DDAF2265C539B00B7D2B5 /* TestingSerializer.swift */ = {isa = PBXFileReference; lastKnownFileType = sourcecode.swift; path = TestingSerializer.swift; sourceTree = "<group>"; };
		A24DDAF6265C566800B7D2B5 /* chat.png */ = {isa = PBXFileReference; lastKnownFileType = image.png; path = chat.png; sourceTree = "<group>"; };
		A24DDAF7265C566900B7D2B5 /* account.png */ = {isa = PBXFileReference; lastKnownFileType = image.png; path = account.png; sourceTree = "<group>"; };
		A24DDAFC265C567700B7D2B5 /* download-27.jpg */ = {isa = PBXFileReference; lastKnownFileType = image.jpeg; path = "download-27.jpg"; sourceTree = "<group>"; };
		A24DDAFD265C567700B7D2B5 /* download-26.jpg */ = {isa = PBXFileReference; lastKnownFileType = image.jpeg; path = "download-26.jpg"; sourceTree = "<group>"; };
		A24DDAFE265C567700B7D2B5 /* download-18.jpg */ = {isa = PBXFileReference; lastKnownFileType = image.jpeg; path = "download-18.jpg"; sourceTree = "<group>"; };
		A24DDAFF265C567700B7D2B5 /* download-24.jpg */ = {isa = PBXFileReference; lastKnownFileType = image.jpeg; path = "download-24.jpg"; sourceTree = "<group>"; };
		A24DDB00265C567700B7D2B5 /* download-9.jpg */ = {isa = PBXFileReference; lastKnownFileType = image.jpeg; path = "download-9.jpg"; sourceTree = "<group>"; };
		A24DDB01265C567700B7D2B5 /* download-8.jpg */ = {isa = PBXFileReference; lastKnownFileType = image.jpeg; path = "download-8.jpg"; sourceTree = "<group>"; };
		A24DDB02265C567700B7D2B5 /* download-25.jpg */ = {isa = PBXFileReference; lastKnownFileType = image.jpeg; path = "download-25.jpg"; sourceTree = "<group>"; };
		A24DDB03265C567700B7D2B5 /* download-19.jpg */ = {isa = PBXFileReference; lastKnownFileType = image.jpeg; path = "download-19.jpg"; sourceTree = "<group>"; };
		A24DDB04265C567700B7D2B5 /* download-21.jpg */ = {isa = PBXFileReference; lastKnownFileType = image.jpeg; path = "download-21.jpg"; sourceTree = "<group>"; };
		A24DDB05265C567700B7D2B5 /* download.jpg */ = {isa = PBXFileReference; lastKnownFileType = image.jpeg; path = download.jpg; sourceTree = "<group>"; };
		A24DDB06265C567700B7D2B5 /* download-20.jpg */ = {isa = PBXFileReference; lastKnownFileType = image.jpeg; path = "download-20.jpg"; sourceTree = "<group>"; };
		A24DDB07265C567700B7D2B5 /* download-22.jpg */ = {isa = PBXFileReference; lastKnownFileType = image.jpeg; path = "download-22.jpg"; sourceTree = "<group>"; };
		A24DDB08265C567700B7D2B5 /* download-23.jpg */ = {isa = PBXFileReference; lastKnownFileType = image.jpeg; path = "download-23.jpg"; sourceTree = "<group>"; };
		A24DDB09265C567700B7D2B5 /* download-12.jpg */ = {isa = PBXFileReference; lastKnownFileType = image.jpeg; path = "download-12.jpg"; sourceTree = "<group>"; };
		A24DDB0A265C567700B7D2B5 /* download-3.jpg */ = {isa = PBXFileReference; lastKnownFileType = image.jpeg; path = "download-3.jpg"; sourceTree = "<group>"; };
		A24DDB0B265C567700B7D2B5 /* download-2.jpg */ = {isa = PBXFileReference; lastKnownFileType = image.jpeg; path = "download-2.jpg"; sourceTree = "<group>"; };
		A24DDB0C265C567700B7D2B5 /* download-13.jpg */ = {isa = PBXFileReference; lastKnownFileType = image.jpeg; path = "download-13.jpg"; sourceTree = "<group>"; };
		A24DDB0D265C567700B7D2B5 /* download-11.jpg */ = {isa = PBXFileReference; lastKnownFileType = image.jpeg; path = "download-11.jpg"; sourceTree = "<group>"; };
		A24DDB0E265C567700B7D2B5 /* download-1.jpg */ = {isa = PBXFileReference; lastKnownFileType = image.jpeg; path = "download-1.jpg"; sourceTree = "<group>"; };
		A24DDB0F265C567700B7D2B5 /* download-10.jpg */ = {isa = PBXFileReference; lastKnownFileType = image.jpeg; path = "download-10.jpg"; sourceTree = "<group>"; };
		A24DDB10265C567700B7D2B5 /* download-14.jpg */ = {isa = PBXFileReference; lastKnownFileType = image.jpeg; path = "download-14.jpg"; sourceTree = "<group>"; };
		A24DDB11265C567700B7D2B5 /* download-28.jpg */ = {isa = PBXFileReference; lastKnownFileType = image.jpeg; path = "download-28.jpg"; sourceTree = "<group>"; };
		A24DDB12265C567700B7D2B5 /* download-5.jpg */ = {isa = PBXFileReference; lastKnownFileType = image.jpeg; path = "download-5.jpg"; sourceTree = "<group>"; };
		A24DDB13265C567700B7D2B5 /* download-4.jpg */ = {isa = PBXFileReference; lastKnownFileType = image.jpeg; path = "download-4.jpg"; sourceTree = "<group>"; };
		A24DDB14265C567700B7D2B5 /* download-29.jpg */ = {isa = PBXFileReference; lastKnownFileType = image.jpeg; path = "download-29.jpg"; sourceTree = "<group>"; };
		A24DDB15265C567700B7D2B5 /* download-15.jpg */ = {isa = PBXFileReference; lastKnownFileType = image.jpeg; path = "download-15.jpg"; sourceTree = "<group>"; };
		A24DDB16265C567700B7D2B5 /* download-17.jpg */ = {isa = PBXFileReference; lastKnownFileType = image.jpeg; path = "download-17.jpg"; sourceTree = "<group>"; };
		A24DDB17265C567700B7D2B5 /* download-6.jpg */ = {isa = PBXFileReference; lastKnownFileType = image.jpeg; path = "download-6.jpg"; sourceTree = "<group>"; };
		A24DDB18265C567700B7D2B5 /* download-7.jpg */ = {isa = PBXFileReference; lastKnownFileType = image.jpeg; path = "download-7.jpg"; sourceTree = "<group>"; };
		A24DDB19265C567700B7D2B5 /* download-16.jpg */ = {isa = PBXFileReference; lastKnownFileType = image.jpeg; path = "download-16.jpg"; sourceTree = "<group>"; };
		A24DDB3A265C591600B7D2B5 /* AppleGaramond.ttf */ = {isa = PBXFileReference; lastKnownFileType = file; path = AppleGaramond.ttf; sourceTree = "<group>"; };
		A24DDB3B265C591600B7D2B5 /* AppleGaramond-LightItalic.ttf */ = {isa = PBXFileReference; lastKnownFileType = file; path = "AppleGaramond-LightItalic.ttf"; sourceTree = "<group>"; };
		A24DDB3C265C591600B7D2B5 /* AppleGaramond-BoldItalic.ttf */ = {isa = PBXFileReference; lastKnownFileType = file; path = "AppleGaramond-BoldItalic.ttf"; sourceTree = "<group>"; };
		A24DDB3D265C591600B7D2B5 /* AppleGaramond-Light.ttf */ = {isa = PBXFileReference; lastKnownFileType = file; path = "AppleGaramond-Light.ttf"; sourceTree = "<group>"; };
		A24DDB3E265C591600B7D2B5 /* AppleGaramond-Italic.ttf */ = {isa = PBXFileReference; lastKnownFileType = file; path = "AppleGaramond-Italic.ttf"; sourceTree = "<group>"; };
		A24DDB3F265C591600B7D2B5 /* AppleGaramond-Bold.ttf */ = {isa = PBXFileReference; lastKnownFileType = file; path = "AppleGaramond-Bold.ttf"; sourceTree = "<group>"; };
		A24DDB48265C597D00B7D2B5 /* GoogleService-Info.plist */ = {isa = PBXFileReference; fileEncoding = 4; lastKnownFileType = text.plist.xml; path = "GoogleService-Info.plist"; sourceTree = "<group>"; };
		A24DDB4C265C5CDF00B7D2B5 /* QuickFactsView.xib */ = {isa = PBXFileReference; fileEncoding = 4; lastKnownFileType = file.xib; path = QuickFactsView.xib; sourceTree = "<group>"; };
		A24DDB4F265C5CEC00B7D2B5 /* ExpandedCard.storyboard */ = {isa = PBXFileReference; fileEncoding = 4; lastKnownFileType = file.storyboard; path = ExpandedCard.storyboard; sourceTree = "<group>"; };
		A24DDB52265C5D0000B7D2B5 /* OverlayView.xib */ = {isa = PBXFileReference; fileEncoding = 4; lastKnownFileType = file.xib; path = OverlayView.xib; sourceTree = "<group>"; };
		A24DDB55265C5D0C00B7D2B5 /* CardView.xib */ = {isa = PBXFileReference; fileEncoding = 4; lastKnownFileType = file.xib; path = CardView.xib; sourceTree = "<group>"; };
		A26961F422376F4600812759 /* Base */ = {isa = PBXFileReference; lastKnownFileType = file.storyboard; name = Base; path = Base.lproj/Main.storyboard; sourceTree = "<group>"; };
		A2A554952577FFBF006D3B3E /* Extensions.swift */ = {isa = PBXFileReference; lastKnownFileType = sourcecode.swift; path = Extensions.swift; sourceTree = "<group>"; };
		A2A5549925780BCB006D3B3E /* Builder.swift */ = {isa = PBXFileReference; fileEncoding = 4; lastKnownFileType = sourcecode.swift; path = Builder.swift; sourceTree = "<group>"; };
		A2A5549C25780BDD006D3B3E /* BuildInfoController.swift */ = {isa = PBXFileReference; fileEncoding = 4; lastKnownFileType = sourcecode.swift; path = BuildInfoController.swift; sourceTree = "<group>"; };
		A2B1F7602458EC8900CB20AF /* ShadowButton.swift */ = {isa = PBXFileReference; fileEncoding = 4; lastKnownFileType = sourcecode.swift; path = ShadowButton.swift; sourceTree = "<group>"; };
		A2CA2D00257984BE0012DB17 /* San Francisco (Heavy).otf */ = {isa = PBXFileReference; lastKnownFileType = file; path = "San Francisco (Heavy).otf"; sourceTree = "<group>"; };
		A2CA2D01257984BE0012DB17 /* San Francisco (Bold Italic).otf */ = {isa = PBXFileReference; lastKnownFileType = file; path = "San Francisco (Bold Italic).otf"; sourceTree = "<group>"; };
		A2CA2D02257984BE0012DB17 /* San Francisco (Regular).otf */ = {isa = PBXFileReference; lastKnownFileType = file; path = "San Francisco (Regular).otf"; sourceTree = "<group>"; };
		A2CA2D03257984BE0012DB17 /* San Francisco (Semibold Italic).otf */ = {isa = PBXFileReference; lastKnownFileType = file; path = "San Francisco (Semibold Italic).otf"; sourceTree = "<group>"; };
		A2CA2D04257984BE0012DB17 /* San Francisco (Light Italic).otf */ = {isa = PBXFileReference; lastKnownFileType = file; path = "San Francisco (Light Italic).otf"; sourceTree = "<group>"; };
		A2CA2D05257984BF0012DB17 /* San Francisco (Medium).otf */ = {isa = PBXFileReference; lastKnownFileType = file; path = "San Francisco (Medium).otf"; sourceTree = "<group>"; };
		A2CA2D06257984BF0012DB17 /* San Francisco (Regular Italic).otf */ = {isa = PBXFileReference; lastKnownFileType = file; path = "San Francisco (Regular Italic).otf"; sourceTree = "<group>"; };
		A2CA2D07257984BF0012DB17 /* San Francisco (Heavy Italic).otf */ = {isa = PBXFileReference; lastKnownFileType = file; path = "San Francisco (Heavy Italic).otf"; sourceTree = "<group>"; };
		A2CA2D08257984BF0012DB17 /* San Francisco (Semibold).otf */ = {isa = PBXFileReference; lastKnownFileType = file; path = "San Francisco (Semibold).otf"; sourceTree = "<group>"; };
		A2CA2D09257984BF0012DB17 /* San Francisco (Medium Italic).otf */ = {isa = PBXFileReference; lastKnownFileType = file; path = "San Francisco (Medium Italic).otf"; sourceTree = "<group>"; };
		A2CA2D0A257984BF0012DB17 /* San Francisco (Light).otf */ = {isa = PBXFileReference; lastKnownFileType = file; path = "San Francisco (Light).otf"; sourceTree = "<group>"; };
		A2CA2D0B257984BF0012DB17 /* San Francisco (Bold).otf */ = {isa = PBXFileReference; lastKnownFileType = file; path = "San Francisco (Bold).otf"; sourceTree = "<group>"; };
		A2DA693224D74929000CD116 /* AlertKit.swift */ = {isa = PBXFileReference; fileEncoding = 4; lastKnownFileType = sourcecode.swift; path = AlertKit.swift; sourceTree = "<group>"; };
		B38ED19D0819B455AFA08D33 /* Pods-Application.release.xcconfig */ = {isa = PBXFileReference; includeInIndex = 1; lastKnownFileType = text.xcconfig; name = "Pods-Application.release.xcconfig"; path = "Pods/Target Support Files/Pods-Application/Pods-Application.release.xcconfig"; sourceTree = "<group>"; };
		D4FAA255A68919EABBAA1707 /* Pods_Yosemite.framework */ = {isa = PBXFileReference; explicitFileType = wrapper.framework; includeInIndex = 0; path = Pods_Yosemite.framework; sourceTree = BUILT_PRODUCTS_DIR; };
		FBCB588F7934B4C55DF28C97 /* Pods-Gamma.release.xcconfig */ = {isa = PBXFileReference; includeInIndex = 1; lastKnownFileType = text.xcconfig; name = "Pods-Gamma.release.xcconfig"; path = "Pods/Target Support Files/Pods-Gamma/Pods-Gamma.release.xcconfig"; sourceTree = "<group>"; };
		FE3759850918D5E97B1D1265 /* Pods-Yosemite.release.xcconfig */ = {isa = PBXFileReference; includeInIndex = 1; lastKnownFileType = text.xcconfig; name = "Pods-Yosemite.release.xcconfig"; path = "Pods/Target Support Files/Pods-Yosemite/Pods-Yosemite.release.xcconfig"; sourceTree = "<group>"; };
/* End PBXFileReference section */

/* Begin PBXFrameworksBuildPhase section */
		682A9AFA1C8E63E900014EA5 /* Frameworks */ = {
			isa = PBXFrameworksBuildPhase;
			buildActionMask = 2147483647;
			files = (
				26B64999CEA4E74818ABA501 /* Pods_Yosemite.framework in Frameworks */,
			);
			runOnlyForDeploymentPostprocessing = 0;
		};
/* End PBXFrameworksBuildPhase section */

/* Begin PBXGroup section */
		053FD41519C881BD6B363127 /* Frameworks */ = {
			isa = PBXGroup;
			children = (
				D4FAA255A68919EABBAA1707 /* Pods_Yosemite.framework */,
			);
			name = Frameworks;
			sourceTree = "<group>";
		};
		682A9AF41C8E63E900014EA5 = {
			isa = PBXGroup;
			children = (
				682A9AFF1C8E63E900014EA5 /* Application */,
				682A9AFE1C8E63E900014EA5 /* Products */,
				73BD68FC27AA2765F509E465 /* Pods */,
				053FD41519C881BD6B363127 /* Frameworks */,
			);
			sourceTree = "<group>";
		};
		682A9AFE1C8E63E900014EA5 /* Products */ = {
			isa = PBXGroup;
			children = (
				682A9AFD1C8E63E900014EA5 /* Yosemite.app */,
			);
			name = Products;
			sourceTree = "<group>";
		};
		682A9AFF1C8E63E900014EA5 /* Application */ = {
			isa = PBXGroup;
			children = (
				6874044A1CB1AB4400BD2632 /* AppDelegate.swift */,
				A23B4E2125781B0800A9750F /* Buttons */,
				A24DDA60265C178E00B7D2B5 /* Cells */,
				A24DDA74265C1AFC00B7D2B5 /* Objects */,
				A24DDAA8265C212800B7D2B5 /* Serialization Layer */,
				682A9B1E1C8E64CE00014EA5 /* Storyboard Files */,
				682A9B211C8E64FC00014EA5 /* Supporting Files */,
				A24DDAC1265C359E00B7D2B5 /* Views */,
				682A9B201C8E64F700014EA5 /* View Controllers */,
				A24DDB4B265C5CBD00B7D2B5 /* XIB Files */,
				68C9FAFF1DD6F2F500E7DE4D /* Other Files */,
			);
			path = Application;
			sourceTree = "<group>";
		};
		682A9B1E1C8E64CE00014EA5 /* Storyboard Files */ = {
			isa = PBXGroup;
			children = (
				A26961F322376F4600812759 /* Main.storyboard */,
				6874044F1CB1AC0C00BD2632 /* Launch Screen.storyboard */,
			);
			name = "Storyboard Files";
			sourceTree = "<group>";
		};
		682A9B201C8E64F700014EA5 /* View Controllers */ = {
			isa = PBXGroup;
			children = (
				A24DDAD3265C3A2700B7D2B5 /* Expanded Card Controllers */,
				A24DDAE0265C3EFA00B7D2B5 /* AccountController.swift */,
				A24DDAE3265C406800B7D2B5 /* CardController.swift */,
				A24DDAE6265C443700B7D2B5 /* ConversationController.swift */,
				A24DDAE9265C473200B7D2B5 /* FactoidCardsController.swift */,
				68D29A121DD79C8A00BFF4D5 /* InitialController.swift */,
				687404471CB1AB3400BD2632 /* MainController.swift */,
				A24DDAEC265C4C1900B7D2B5 /* MessagesController.swift */,
				A24DDAEF265C4FB400B7D2B5 /* PersonalQuestionsController.swift */,
				68EB1C821DD7B7070074737B /* SampleController.swift */,
			);
			name = "View Controllers";
			sourceTree = "<group>";
		};
		682A9B211C8E64FC00014EA5 /* Supporting Files */ = {
			isa = PBXGroup;
			children = (
				68D29A0D1DD79C6F00BFF4D5 /* Audio Files */,
				68E3CD811EE3292100C688C5 /* Auxiliary Classes */,
				A2ECF96C24C9DA4400862AF0 /* Fonts */,
				682A9B241C8E749D00014EA5 /* Image Files */,
			);
			name = "Supporting Files";
			sourceTree = "<group>";
		};
		682A9B241C8E749D00014EA5 /* Image Files */ = {
			isa = PBXGroup;
			children = (
				A24DDAFB265C567700B7D2B5 /* images */,
				A24DDAF7265C566900B7D2B5 /* account.png */,
				A24DDAF6265C566800B7D2B5 /* chat.png */,
				68E5891F1DD6F6040028B703 /* NT (Black).png */,
				68E589201DD6F6040028B703 /* NT (White).png */,
			);
			name = "Image Files";
			sourceTree = "<group>";
		};
		68C9FAFF1DD6F2F500E7DE4D /* Other Files */ = {
			isa = PBXGroup;
			children = (
				6874044B1CB1AB4400BD2632 /* Assets.xcassets */,
				A24DDACF265C38E500B7D2B5 /* Frame-Calculator.swift */,
				A24DDB48265C597D00B7D2B5 /* GoogleService-Info.plist */,
				687404491CB1AB4400BD2632 /* Info.plist */,
			);
			name = "Other Files";
			sourceTree = "<group>";
		};
		68D29A0D1DD79C6F00BFF4D5 /* Audio Files */ = {
			isa = PBXGroup;
			children = (
				68D29A0E1DD79C7D00BFF4D5 /* Chime.mp3 */,
				68D29A0F1DD79C7D00BFF4D5 /* Chord.mp3 */,
			);
			name = "Audio Files";
			sourceTree = "<group>";
		};
		68E3CD811EE3292100C688C5 /* Auxiliary Classes */ = {
			isa = PBXGroup;
			children = (
				A2DA693224D74929000CD116 /* AlertKit.swift */,
				A2A5549925780BCB006D3B3E /* Builder.swift */,
				A2A5549C25780BDD006D3B3E /* BuildInfoController.swift */,
				A2A554952577FFBF006D3B3E /* Extensions.swift */,
				6881EA4B1E29CD360007D873 /* SystemInformation.swift */,
			);
			name = "Auxiliary Classes";
			sourceTree = "<group>";
		};
		73BD68FC27AA2765F509E465 /* Pods */ = {
			isa = PBXGroup;
			children = (
				719917EDBE64BB0C5A06C9BB /* Pods-Application.debug.xcconfig */,
				B38ED19D0819B455AFA08D33 /* Pods-Application.release.xcconfig */,
				362FCE402C02DE8D09553E07 /* Pods-Gamma.debug.xcconfig */,
				FBCB588F7934B4C55DF28C97 /* Pods-Gamma.release.xcconfig */,
				716E2482BFCF9EF240372321 /* Pods-Yosemite.debug.xcconfig */,
				FE3759850918D5E97B1D1265 /* Pods-Yosemite.release.xcconfig */,
				0F2CA65021D1CC4B0CB8E9AE /* Pods-Montblanc.debug.xcconfig */,
				70D576B6A083BD10D8E50876 /* Pods-Montblanc.release.xcconfig */,
			);
			name = Pods;
			sourceTree = "<group>";
		};
		A23B4E2125781B0800A9750F /* Buttons */ = {
			isa = PBXGroup;
			children = (
				A24DDABA265C328700B7D2B5 /* Radio Button */,
				68E73D311DEFB296008CD686 /* RoundedButton.swift */,
				A2B1F7602458EC8900CB20AF /* ShadowButton.swift */,
			);
			name = Buttons;
			sourceTree = "<group>";
		};
		A24DDA60265C178E00B7D2B5 /* Cells */ = {
			isa = PBXGroup;
			children = (
				A24DDA61265C17A200B7D2B5 /* ChatCell.swift */,
				A24DDA65265C182B00B7D2B5 /* MatchCell.swift */,
				A24DDA68265C187D00B7D2B5 /* FactoidCardCell.swift */,
				A24DDA6B265C18A500B7D2B5 /* PersonalQuestionCell.swift */,
				A24DDA6E265C18C600B7D2B5 /* PreferenceCell.swift */,
				A24DDA71265C18DB00B7D2B5 /* SportCell.swift */,
			);
			name = Cells;
			sourceTree = "<group>";
		};
		A24DDA74265C1AFC00B7D2B5 /* Objects */ = {
			isa = PBXGroup;
			children = (
				A24DDA93265C1B7E00B7D2B5 /* Conversation.swift */,
				A24DDAA5265C20CD00B7D2B5 /* FactoidCard.swift */,
				A24DDA96265C1BFB00B7D2B5 /* FactoidData.swift */,
				A24DDA99265C1C0500B7D2B5 /* Message.swift */,
				A24DDAA2265C204400B7D2B5 /* PersonalQuestion.swift */,
				A24DDA9C265C1C2000B7D2B5 /* User.swift */,
				A24DDA9F265C1C2400B7D2B5 /* UserData.swift */,
			);
			name = Objects;
			sourceTree = "<group>";
		};
		A24DDAA8265C212800B7D2B5 /* Serialization Layer */ = {
			isa = PBXGroup;
			children = (
				A24DDAB3265C21D900B7D2B5 /* ConversationSerializer.swift */,
				A24DDAAD265C21C100B7D2B5 /* GenericSerializer.swift */,
				A24DDAB0265C21CD00B7D2B5 /* MessageSerializer.swift */,
				A24DDAF2265C539B00B7D2B5 /* TestingSerializer.swift */,
				A24DDAA9265C213C00B7D2B5 /* UserSerializer.swift */,
			);
			name = "Serialization Layer";
			sourceTree = "<group>";
		};
		A24DDABA265C328700B7D2B5 /* Radio Button */ = {
			isa = PBXGroup;
			children = (
				A24DDABB265C32A100B7D2B5 /* RadioButton.swift */,
				A24DDABE265C32B100B7D2B5 /* RadioButtonController.swift */,
			);
			name = "Radio Button";
			sourceTree = "<group>";
		};
		A24DDAC1265C359E00B7D2B5 /* Views */ = {
			isa = PBXGroup;
			children = (
				A24DDAC2265C35D300B7D2B5 /* QuickFactsView.swift */,
				A24DDAC5265C35E600B7D2B5 /* CardView.swift */,
				A24DDACB265C360600B7D2B5 /* SwipeView.swift */,
			);
			name = Views;
			sourceTree = "<group>";
		};
		A24DDAD3265C3A2700B7D2B5 /* Expanded Card Controllers */ = {
			isa = PBXGroup;
			children = (
				A24DDAD4265C3A4400B7D2B5 /* GenericController.swift */,
				A24DDAD7265C3A5300B7D2B5 /* CardPageController.swift */,
				A24DDADA265C3A6100B7D2B5 /* QuickFactsController.swift */,
				A24DDADD265C3A6F00B7D2B5 /* SportsController.swift */,
			);
			name = "Expanded Card Controllers";
			sourceTree = "<group>";
		};
		A24DDAFB265C567700B7D2B5 /* images */ = {
			isa = PBXGroup;
			children = (
				A24DDAFC265C567700B7D2B5 /* download-27.jpg */,
				A24DDAFD265C567700B7D2B5 /* download-26.jpg */,
				A24DDAFE265C567700B7D2B5 /* download-18.jpg */,
				A24DDAFF265C567700B7D2B5 /* download-24.jpg */,
				A24DDB00265C567700B7D2B5 /* download-9.jpg */,
				A24DDB01265C567700B7D2B5 /* download-8.jpg */,
				A24DDB02265C567700B7D2B5 /* download-25.jpg */,
				A24DDB03265C567700B7D2B5 /* download-19.jpg */,
				A24DDB04265C567700B7D2B5 /* download-21.jpg */,
				A24DDB05265C567700B7D2B5 /* download.jpg */,
				A24DDB06265C567700B7D2B5 /* download-20.jpg */,
				A24DDB07265C567700B7D2B5 /* download-22.jpg */,
				A24DDB08265C567700B7D2B5 /* download-23.jpg */,
				A24DDB09265C567700B7D2B5 /* download-12.jpg */,
				A24DDB0A265C567700B7D2B5 /* download-3.jpg */,
				A24DDB0B265C567700B7D2B5 /* download-2.jpg */,
				A24DDB0C265C567700B7D2B5 /* download-13.jpg */,
				A24DDB0D265C567700B7D2B5 /* download-11.jpg */,
				A24DDB0E265C567700B7D2B5 /* download-1.jpg */,
				A24DDB0F265C567700B7D2B5 /* download-10.jpg */,
				A24DDB10265C567700B7D2B5 /* download-14.jpg */,
				A24DDB11265C567700B7D2B5 /* download-28.jpg */,
				A24DDB12265C567700B7D2B5 /* download-5.jpg */,
				A24DDB13265C567700B7D2B5 /* download-4.jpg */,
				A24DDB14265C567700B7D2B5 /* download-29.jpg */,
				A24DDB15265C567700B7D2B5 /* download-15.jpg */,
				A24DDB16265C567700B7D2B5 /* download-17.jpg */,
				A24DDB17265C567700B7D2B5 /* download-6.jpg */,
				A24DDB18265C567700B7D2B5 /* download-7.jpg */,
				A24DDB19265C567700B7D2B5 /* download-16.jpg */,
			);
			path = images;
			sourceTree = "<group>";
		};
		A24DDB39265C591600B7D2B5 /* Apple Garamond */ = {
			isa = PBXGroup;
			children = (
				A24DDB3A265C591600B7D2B5 /* AppleGaramond.ttf */,
				A24DDB3B265C591600B7D2B5 /* AppleGaramond-LightItalic.ttf */,
				A24DDB3C265C591600B7D2B5 /* AppleGaramond-BoldItalic.ttf */,
				A24DDB3D265C591600B7D2B5 /* AppleGaramond-Light.ttf */,
				A24DDB3E265C591600B7D2B5 /* AppleGaramond-Italic.ttf */,
				A24DDB3F265C591600B7D2B5 /* AppleGaramond-Bold.ttf */,
			);
			path = "Apple Garamond";
			sourceTree = "<group>";
		};
		A24DDB4B265C5CBD00B7D2B5 /* XIB Files */ = {
			isa = PBXGroup;
			children = (
				A24DDB55265C5D0C00B7D2B5 /* CardView.xib */,
				A24DDB4F265C5CEC00B7D2B5 /* ExpandedCard.storyboard */,
				A24DDB52265C5D0000B7D2B5 /* OverlayView.xib */,
				A24DDB4C265C5CDF00B7D2B5 /* QuickFactsView.xib */,
			);
			name = "XIB Files";
			sourceTree = "<group>";
		};
		A2CA2CAC257977550012DB17 /* San Francisco */ = {
			isa = PBXGroup;
			children = (
				A2CA2D01257984BE0012DB17 /* San Francisco (Bold Italic).otf */,
				A2CA2D0B257984BF0012DB17 /* San Francisco (Bold).otf */,
				A2CA2D07257984BF0012DB17 /* San Francisco (Heavy Italic).otf */,
				A2CA2D00257984BE0012DB17 /* San Francisco (Heavy).otf */,
				A2CA2D04257984BE0012DB17 /* San Francisco (Light Italic).otf */,
				A2CA2D0A257984BF0012DB17 /* San Francisco (Light).otf */,
				A2CA2D09257984BF0012DB17 /* San Francisco (Medium Italic).otf */,
				A2CA2D05257984BF0012DB17 /* San Francisco (Medium).otf */,
				A2CA2D06257984BF0012DB17 /* San Francisco (Regular Italic).otf */,
				A2CA2D02257984BE0012DB17 /* San Francisco (Regular).otf */,
				A2CA2D03257984BE0012DB17 /* San Francisco (Semibold Italic).otf */,
				A2CA2D08257984BF0012DB17 /* San Francisco (Semibold).otf */,
			);
			path = "San Francisco";
			sourceTree = "<group>";
		};
		A2ECF96C24C9DA4400862AF0 /* Fonts */ = {
			isa = PBXGroup;
			children = (
				A24DDB39265C591600B7D2B5 /* Apple Garamond */,
				A2CA2CAC257977550012DB17 /* San Francisco */,
			);
			name = Fonts;
			sourceTree = "<group>";
		};
/* End PBXGroup section */

/* Begin PBXNativeTarget section */
		682A9AFC1C8E63E900014EA5 /* Yosemite */ = {
			isa = PBXNativeTarget;
			buildConfigurationList = 682A9B0F1C8E63E900014EA5 /* Build configuration list for PBXNativeTarget "Yosemite" */;
			buildPhases = (
				93EECDE673B86A8FB6C417C5 /* [CP] Check Pods Manifest.lock */,
				682A9AF91C8E63E900014EA5 /* Sources */,
				682A9AFA1C8E63E900014EA5 /* Frameworks */,
				682A9AFB1C8E63E900014EA5 /* Resources */,
				682A9B121C8E640500014EA5 /* Update Build Information */,
				48171AF688E2ED72ADEC77E8 /* [CP] Embed Pods Frameworks */,
			);
			buildRules = (
			);
			dependencies = (
			);
			name = Yosemite;
			productName = POP;
			productReference = 682A9AFD1C8E63E900014EA5 /* Yosemite.app */;
			productType = "com.apple.product-type.application";
		};
/* End PBXNativeTarget section */

/* Begin PBXProject section */
		682A9AF51C8E63E900014EA5 /* Project object */ = {
			isa = PBXProject;
			attributes = {
				LastSwiftUpdateCheck = 0720;
				LastUpgradeCheck = 1220;
				ORGANIZATIONNAME = "NEOTechnica Corporation";
				TargetAttributes = {
					682A9AFC1C8E63E900014EA5 = {
						CreatedOnToolsVersion = 7.2.1;
						DevelopmentTeam = 7R4R2FSWH9;
						LastSwiftMigration = 1020;
						SystemCapabilities = {
							com.apple.iCloud = {
								enabled = 0;
							};
						};
					};
				};
			};
			buildConfigurationList = 682A9AF81C8E63E900014EA5 /* Build configuration list for PBXProject "Yosemite" */;
			compatibilityVersion = "Xcode 3.2";
			developmentRegion = en;
			hasScannedForEncodings = 0;
			knownRegions = (
				en,
				Base,
			);
			mainGroup = 682A9AF41C8E63E900014EA5;
			productRefGroup = 682A9AFE1C8E63E900014EA5 /* Products */;
			projectDirPath = "";
			projectRoot = "";
			targets = (
				682A9AFC1C8E63E900014EA5 /* Yosemite */,
			);
		};
/* End PBXProject section */

/* Begin PBXResourcesBuildPhase section */
		682A9AFB1C8E63E900014EA5 /* Resources */ = {
			isa = PBXResourcesBuildPhase;
			buildActionMask = 2147483647;
			files = (
				A24DDB22265C567700B7D2B5 /* download-21.jpg in Resources */,
				A26961F522376F4600812759 /* Main.storyboard in Resources */,
				A24DDAF9265C566900B7D2B5 /* account.png in Resources */,
				A24DDB25265C567700B7D2B5 /* download-22.jpg in Resources */,
				A24DDB35265C567700B7D2B5 /* download-6.jpg in Resources */,
				A2CA2D14257984BF0012DB17 /* San Francisco (Semibold).otf in Resources */,
				A24DDB32265C567700B7D2B5 /* download-29.jpg in Resources */,
				68E589211DD6F6040028B703 /* NT (Black).png in Resources */,
				A2CA2D16257984BF0012DB17 /* San Francisco (Light).otf in Resources */,
				A2CA2D10257984BF0012DB17 /* San Francisco (Light Italic).otf in Resources */,
				A24DDB31265C567700B7D2B5 /* download-4.jpg in Resources */,
				A24DDB1F265C567700B7D2B5 /* download-8.jpg in Resources */,
				A24DDB30265C567700B7D2B5 /* download-5.jpg in Resources */,
				A24DDB26265C567700B7D2B5 /* download-23.jpg in Resources */,
				A24DDB1C265C567700B7D2B5 /* download-18.jpg in Resources */,
				A24DDB28265C567700B7D2B5 /* download-3.jpg in Resources */,
				A2CA2D17257984BF0012DB17 /* San Francisco (Bold).otf in Resources */,
				A24DDB2B265C567700B7D2B5 /* download-11.jpg in Resources */,
				A24DDB56265C5D0C00B7D2B5 /* CardView.xib in Resources */,
				68D29A111DD79C7D00BFF4D5 /* Chord.mp3 in Resources */,
				A24DDB2C265C567700B7D2B5 /* download-1.jpg in Resources */,
				A2CA2D13257984BF0012DB17 /* San Francisco (Heavy Italic).otf in Resources */,
				68D29A101DD79C7D00BFF4D5 /* Chime.mp3 in Resources */,
				A24DDB36265C567700B7D2B5 /* download-7.jpg in Resources */,
				A2CA2D0D257984BF0012DB17 /* San Francisco (Bold Italic).otf in Resources */,
				A2CA2D15257984BF0012DB17 /* San Francisco (Medium Italic).otf in Resources */,
				A24DDB29265C567700B7D2B5 /* download-2.jpg in Resources */,
				68E589221DD6F6040028B703 /* NT (White).png in Resources */,
				A24DDB43265C591600B7D2B5 /* AppleGaramond-Light.ttf in Resources */,
				A24DDB33265C567700B7D2B5 /* download-15.jpg in Resources */,
				A2CA2D11257984BF0012DB17 /* San Francisco (Medium).otf in Resources */,
				6874044E1CB1AB4400BD2632 /* Assets.xcassets in Resources */,
				A24DDB1A265C567700B7D2B5 /* download-27.jpg in Resources */,
				A24DDB24265C567700B7D2B5 /* download-20.jpg in Resources */,
				A24DDB49265C597D00B7D2B5 /* GoogleService-Info.plist in Resources */,
				A24DDB53265C5D0000B7D2B5 /* OverlayView.xib in Resources */,
				A24DDB27265C567700B7D2B5 /* download-12.jpg in Resources */,
				A24DDB23265C567700B7D2B5 /* download.jpg in Resources */,
				A24DDB1E265C567700B7D2B5 /* download-9.jpg in Resources */,
				A24DDB50265C5CEC00B7D2B5 /* ExpandedCard.storyboard in Resources */,
				A2CA2D0E257984BF0012DB17 /* San Francisco (Regular).otf in Resources */,
				687404511CB1AC0C00BD2632 /* Launch Screen.storyboard in Resources */,
				A24DDB1D265C567700B7D2B5 /* download-24.jpg in Resources */,
				A24DDB45265C591600B7D2B5 /* AppleGaramond-Bold.ttf in Resources */,
				A2CA2D12257984BF0012DB17 /* San Francisco (Regular Italic).otf in Resources */,
				A24DDB1B265C567700B7D2B5 /* download-26.jpg in Resources */,
				A24DDAF8265C566900B7D2B5 /* chat.png in Resources */,
				A24DDB21265C567700B7D2B5 /* download-19.jpg in Resources */,
				A24DDB2A265C567700B7D2B5 /* download-13.jpg in Resources */,
				A24DDB20265C567700B7D2B5 /* download-25.jpg in Resources */,
				A24DDB4D265C5CDF00B7D2B5 /* QuickFactsView.xib in Resources */,
				A24DDB2E265C567700B7D2B5 /* download-14.jpg in Resources */,
				A2CA2D0F257984BF0012DB17 /* San Francisco (Semibold Italic).otf in Resources */,
				A24DDB42265C591600B7D2B5 /* AppleGaramond-BoldItalic.ttf in Resources */,
				A24DDB2F265C567700B7D2B5 /* download-28.jpg in Resources */,
				A24DDB40265C591600B7D2B5 /* AppleGaramond.ttf in Resources */,
				A24DDB2D265C567700B7D2B5 /* download-10.jpg in Resources */,
				A24DDB34265C567700B7D2B5 /* download-17.jpg in Resources */,
				A24DDB37265C567700B7D2B5 /* download-16.jpg in Resources */,
				A2CA2D0C257984BF0012DB17 /* San Francisco (Heavy).otf in Resources */,
				A24DDB41265C591600B7D2B5 /* AppleGaramond-LightItalic.ttf in Resources */,
				A24DDB44265C591600B7D2B5 /* AppleGaramond-Italic.ttf in Resources */,
			);
			runOnlyForDeploymentPostprocessing = 0;
		};
/* End PBXResourcesBuildPhase section */

/* Begin PBXShellScriptBuildPhase section */
		48171AF688E2ED72ADEC77E8 /* [CP] Embed Pods Frameworks */ = {
			isa = PBXShellScriptBuildPhase;
			buildActionMask = 2147483647;
			files = (
			);
			inputPaths = (
				"${PODS_ROOT}/Target Support Files/Pods-Yosemite/Pods-Yosemite-frameworks.sh",
				"${BUILT_PRODUCTS_DIR}/FirebaseAuth/FirebaseAuth.framework",
				"${BUILT_PRODUCTS_DIR}/FirebaseCore/FirebaseCore.framework",
				"${BUILT_PRODUCTS_DIR}/FirebaseCoreDiagnostics/FirebaseCoreDiagnostics.framework",
				"${BUILT_PRODUCTS_DIR}/FirebaseDatabase/FirebaseDatabase.framework",
				"${BUILT_PRODUCTS_DIR}/FirebaseInstallations/FirebaseInstallations.framework",
				"${BUILT_PRODUCTS_DIR}/GTMSessionFetcher/GTMSessionFetcher.framework",
				"${BUILT_PRODUCTS_DIR}/GoogleDataTransport/GoogleDataTransport.framework",
				"${BUILT_PRODUCTS_DIR}/GoogleUtilities/GoogleUtilities.framework",
				"${BUILT_PRODUCTS_DIR}/InputBarAccessoryView/InputBarAccessoryView.framework",
				"${BUILT_PRODUCTS_DIR}/Koloda/Koloda.framework",
				"${BUILT_PRODUCTS_DIR}/MessageKit/MessageKit.framework",
				"${BUILT_PRODUCTS_DIR}/PKHUD/PKHUD.framework",
				"${BUILT_PRODUCTS_DIR}/PhoneNumberKit/PhoneNumberKit.framework",
				"${BUILT_PRODUCTS_DIR}/PromisesObjC/FBLPromises.framework",
				"${BUILT_PRODUCTS_DIR}/ReachabilitySwift/Reachability.framework",
				"${BUILT_PRODUCTS_DIR}/SwiftRandom/SwiftRandom.framework",
				"${BUILT_PRODUCTS_DIR}/leveldb-library/leveldb.framework",
				"${BUILT_PRODUCTS_DIR}/nanopb/nanopb.framework",
				"${BUILT_PRODUCTS_DIR}/pop/pop.framework",
			);
			name = "[CP] Embed Pods Frameworks";
			outputPaths = (
				"${TARGET_BUILD_DIR}/${FRAMEWORKS_FOLDER_PATH}/FirebaseAuth.framework",
				"${TARGET_BUILD_DIR}/${FRAMEWORKS_FOLDER_PATH}/FirebaseCore.framework",
				"${TARGET_BUILD_DIR}/${FRAMEWORKS_FOLDER_PATH}/FirebaseCoreDiagnostics.framework",
				"${TARGET_BUILD_DIR}/${FRAMEWORKS_FOLDER_PATH}/FirebaseDatabase.framework",
				"${TARGET_BUILD_DIR}/${FRAMEWORKS_FOLDER_PATH}/FirebaseInstallations.framework",
				"${TARGET_BUILD_DIR}/${FRAMEWORKS_FOLDER_PATH}/GTMSessionFetcher.framework",
				"${TARGET_BUILD_DIR}/${FRAMEWORKS_FOLDER_PATH}/GoogleDataTransport.framework",
				"${TARGET_BUILD_DIR}/${FRAMEWORKS_FOLDER_PATH}/GoogleUtilities.framework",
				"${TARGET_BUILD_DIR}/${FRAMEWORKS_FOLDER_PATH}/InputBarAccessoryView.framework",
				"${TARGET_BUILD_DIR}/${FRAMEWORKS_FOLDER_PATH}/Koloda.framework",
				"${TARGET_BUILD_DIR}/${FRAMEWORKS_FOLDER_PATH}/MessageKit.framework",
				"${TARGET_BUILD_DIR}/${FRAMEWORKS_FOLDER_PATH}/PKHUD.framework",
				"${TARGET_BUILD_DIR}/${FRAMEWORKS_FOLDER_PATH}/PhoneNumberKit.framework",
				"${TARGET_BUILD_DIR}/${FRAMEWORKS_FOLDER_PATH}/FBLPromises.framework",
				"${TARGET_BUILD_DIR}/${FRAMEWORKS_FOLDER_PATH}/Reachability.framework",
				"${TARGET_BUILD_DIR}/${FRAMEWORKS_FOLDER_PATH}/SwiftRandom.framework",
				"${TARGET_BUILD_DIR}/${FRAMEWORKS_FOLDER_PATH}/leveldb.framework",
				"${TARGET_BUILD_DIR}/${FRAMEWORKS_FOLDER_PATH}/nanopb.framework",
				"${TARGET_BUILD_DIR}/${FRAMEWORKS_FOLDER_PATH}/pop.framework",
			);
			runOnlyForDeploymentPostprocessing = 0;
			shellPath = /bin/sh;
			shellScript = "\"${PODS_ROOT}/Target Support Files/Pods-Yosemite/Pods-Yosemite-frameworks.sh\"\n";
			showEnvVarsInLog = 0;
		};
		682A9B121C8E640500014EA5 /* Update Build Information */ = {
			isa = PBXShellScriptBuildPhase;
			buildActionMask = 2147483647;
			files = (
			);
			inputPaths = (
			);
			name = "Update Build Information";
			outputPaths = (
			);
			runOnlyForDeploymentPostprocessing = 0;
			shellPath = /bin/sh;
			shellScript = "#!/bin/bash\nbuildNumber=$(/usr/libexec/PlistBuddy -c \"Print CFBundleVersion\" \"$INFOPLIST_FILE\")\n\nreleaseBuildNumber=$((($buildNumber + 1) - 0))\n\nbuildNumber=$(($buildNumber + 1))\nminorReleaseNumber=$((releaseBuildNumber/150))\nbugFixReleaseNumber=$((releaseBuildNumber/50))\nCFBundleVersionINCR=0.$((minorReleaseNumber)).$((bugFixReleaseNumber))\n\nbuildDate=`date +%s`\n\n/usr/libexec/PlistBuddy -c \"Set :CFBuildDate $buildDate\" \"$INFOPLIST_FILE\"\n/usr/libexec/PlistBuddy -c \"Set :CFBundleVersion $buildNumber\" \"$INFOPLIST_FILE\"\n/usr/libexec/PlistBuddy -c \"Set :CFBundleReleaseVersion $releaseBuildNumber\" \"$INFOPLIST_FILE\"\n/usr/libexec/PlistBuddy -c \"Set :CFBundleShortVersionString $CFBundleVersionINCR\" \"$INFOPLIST_FILE\"\n";
		};
		93EECDE673B86A8FB6C417C5 /* [CP] Check Pods Manifest.lock */ = {
			isa = PBXShellScriptBuildPhase;
			buildActionMask = 2147483647;
			files = (
			);
			inputPaths = (
				"${PODS_PODFILE_DIR_PATH}/Podfile.lock",
				"${PODS_ROOT}/Manifest.lock",
			);
			name = "[CP] Check Pods Manifest.lock";
			outputPaths = (
				"$(DERIVED_FILE_DIR)/Pods-Yosemite-checkManifestLockResult.txt",
			);
			runOnlyForDeploymentPostprocessing = 0;
			shellPath = /bin/sh;
			shellScript = "diff \"${PODS_PODFILE_DIR_PATH}/Podfile.lock\" \"${PODS_ROOT}/Manifest.lock\" > /dev/null\nif [ $? != 0 ] ; then\n    # print error to STDERR\n    echo \"error: The sandbox is not in sync with the Podfile.lock. Run 'pod install' or update your CocoaPods installation.\" >&2\n    exit 1\nfi\n# This output is used by Xcode 'outputs' to avoid re-running this script phase.\necho \"SUCCESS\" > \"${SCRIPT_OUTPUT_FILE_0}\"\n";
			showEnvVarsInLog = 0;
		};
/* End PBXShellScriptBuildPhase section */

/* Begin PBXSourcesBuildPhase section */
		682A9AF91C8E63E900014EA5 /* Sources */ = {
			isa = PBXSourcesBuildPhase;
			buildActionMask = 2147483647;
			files = (
				A24DDAA6265C20CD00B7D2B5 /* FactoidCard.swift in Sources */,
				A2A5549D25780BDD006D3B3E /* BuildInfoController.swift in Sources */,
				A24DDAED265C4C1900B7D2B5 /* MessagesController.swift in Sources */,
				6874044D1CB1AB4400BD2632 /* AppDelegate.swift in Sources */,
				A24DDAAE265C21C100B7D2B5 /* GenericSerializer.swift in Sources */,
				A24DDAF0265C4FB400B7D2B5 /* PersonalQuestionsController.swift in Sources */,
				A24DDAEA265C473200B7D2B5 /* FactoidCardsController.swift in Sources */,
				A24DDAB1265C21CD00B7D2B5 /* MessageSerializer.swift in Sources */,
				A24DDAE4265C406800B7D2B5 /* CardController.swift in Sources */,
				A2B1F7612458EC8900CB20AF /* ShadowButton.swift in Sources */,
				A2A5549A25780BCB006D3B3E /* Builder.swift in Sources */,
				A24DDA69265C187D00B7D2B5 /* FactoidCardCell.swift in Sources */,
				A24DDAE7265C443700B7D2B5 /* ConversationController.swift in Sources */,
				A24DDAD5265C3A4400B7D2B5 /* GenericController.swift in Sources */,
				687404481CB1AB3400BD2632 /* MainController.swift in Sources */,
				A24DDAAA265C213C00B7D2B5 /* UserSerializer.swift in Sources */,
				A24DDA66265C182B00B7D2B5 /* MatchCell.swift in Sources */,
				A24DDAD0265C38E500B7D2B5 /* Frame-Calculator.swift in Sources */,
				A24DDABF265C32B100B7D2B5 /* RadioButtonController.swift in Sources */,
				A24DDA62265C17A200B7D2B5 /* ChatCell.swift in Sources */,
				A24DDAF3265C539B00B7D2B5 /* TestingSerializer.swift in Sources */,
				A24DDA72265C18DB00B7D2B5 /* SportCell.swift in Sources */,
				A24DDADE265C3A6F00B7D2B5 /* SportsController.swift in Sources */,
				A2DA693324D74929000CD116 /* AlertKit.swift in Sources */,
				A2A554962577FFBF006D3B3E /* Extensions.swift in Sources */,
				68E73D321DEFB296008CD686 /* RoundedButton.swift in Sources */,
				A24DDA94265C1B7E00B7D2B5 /* Conversation.swift in Sources */,
				A24DDAA3265C204400B7D2B5 /* PersonalQuestion.swift in Sources */,
				6881EA4C1E29CD360007D873 /* SystemInformation.swift in Sources */,
				A24DDADB265C3A6100B7D2B5 /* QuickFactsController.swift in Sources */,
				A24DDAE1265C3EFA00B7D2B5 /* AccountController.swift in Sources */,
				A24DDABC265C32A100B7D2B5 /* RadioButton.swift in Sources */,
				68D29A131DD79C8A00BFF4D5 /* InitialController.swift in Sources */,
				A24DDA6C265C18A500B7D2B5 /* PersonalQuestionCell.swift in Sources */,
				A24DDAA0265C1C2400B7D2B5 /* UserData.swift in Sources */,
				A24DDAD8265C3A5300B7D2B5 /* CardPageController.swift in Sources */,
				A24DDACC265C360600B7D2B5 /* SwipeView.swift in Sources */,
				A24DDA6F265C18C600B7D2B5 /* PreferenceCell.swift in Sources */,
				A24DDA9A265C1C0500B7D2B5 /* Message.swift in Sources */,
				A24DDAB4265C21D900B7D2B5 /* ConversationSerializer.swift in Sources */,
				A24DDA97265C1BFB00B7D2B5 /* FactoidData.swift in Sources */,
				68EB1C831DD7B7070074737B /* SampleController.swift in Sources */,
				A24DDAC3265C35D300B7D2B5 /* QuickFactsView.swift in Sources */,
				A24DDAC6265C35E600B7D2B5 /* CardView.swift in Sources */,
				A24DDA9D265C1C2000B7D2B5 /* User.swift in Sources */,
			);
			runOnlyForDeploymentPostprocessing = 0;
		};
/* End PBXSourcesBuildPhase section */

/* Begin PBXVariantGroup section */
		6874044F1CB1AC0C00BD2632 /* Launch Screen.storyboard */ = {
			isa = PBXVariantGroup;
			children = (
				687404501CB1AC0C00BD2632 /* Base */,
			);
			name = "Launch Screen.storyboard";
			sourceTree = "<group>";
		};
		A26961F322376F4600812759 /* Main.storyboard */ = {
			isa = PBXVariantGroup;
			children = (
				A26961F422376F4600812759 /* Base */,
			);
			name = Main.storyboard;
			sourceTree = "<group>";
		};
/* End PBXVariantGroup section */

/* Begin XCBuildConfiguration section */
		682A9B0D1C8E63E900014EA5 /* Debug */ = {
			isa = XCBuildConfiguration;
			buildSettings = {
				ALWAYS_SEARCH_USER_PATHS = NO;
				CLANG_CXX_LANGUAGE_STANDARD = "gnu++0x";
				CLANG_CXX_LIBRARY = "libc++";
				CLANG_ENABLE_MODULES = YES;
				CLANG_ENABLE_OBJC_ARC = YES;
				CLANG_WARN_BLOCK_CAPTURE_AUTORELEASING = YES;
				CLANG_WARN_BOOL_CONVERSION = YES;
				CLANG_WARN_COMMA = YES;
				CLANG_WARN_CONSTANT_CONVERSION = YES;
				CLANG_WARN_DEPRECATED_OBJC_IMPLEMENTATIONS = YES;
				CLANG_WARN_DIRECT_OBJC_ISA_USAGE = YES_ERROR;
				CLANG_WARN_EMPTY_BODY = YES;
				CLANG_WARN_ENUM_CONVERSION = YES;
				CLANG_WARN_INFINITE_RECURSION = YES;
				CLANG_WARN_INT_CONVERSION = YES;
				CLANG_WARN_NON_LITERAL_NULL_CONVERSION = YES;
				CLANG_WARN_OBJC_IMPLICIT_RETAIN_SELF = YES;
				CLANG_WARN_OBJC_LITERAL_CONVERSION = YES;
				CLANG_WARN_OBJC_ROOT_CLASS = YES_ERROR;
				CLANG_WARN_QUOTED_INCLUDE_IN_FRAMEWORK_HEADER = YES;
				CLANG_WARN_RANGE_LOOP_ANALYSIS = YES;
				CLANG_WARN_STRICT_PROTOTYPES = YES;
				CLANG_WARN_SUSPICIOUS_MOVE = YES;
				CLANG_WARN_UNREACHABLE_CODE = YES;
				CLANG_WARN__DUPLICATE_METHOD_MATCH = YES;
				"CODE_SIGN_IDENTITY[sdk=iphoneos*]" = "iPhone Developer";
				COPY_PHASE_STRIP = NO;
				DEBUG_INFORMATION_FORMAT = dwarf;
				ENABLE_STRICT_OBJC_MSGSEND = YES;
				ENABLE_TESTABILITY = YES;
				GCC_C_LANGUAGE_STANDARD = gnu99;
				GCC_DYNAMIC_NO_PIC = NO;
				GCC_NO_COMMON_BLOCKS = YES;
				GCC_OPTIMIZATION_LEVEL = 0;
				GCC_PREPROCESSOR_DEFINITIONS = (
					"DEBUG=1",
					"$(inherited)",
				);
				GCC_WARN_64_TO_32_BIT_CONVERSION = YES;
				GCC_WARN_ABOUT_RETURN_TYPE = YES_ERROR;
				GCC_WARN_UNDECLARED_SELECTOR = YES;
				GCC_WARN_UNINITIALIZED_AUTOS = YES_AGGRESSIVE;
				GCC_WARN_UNUSED_FUNCTION = YES;
				GCC_WARN_UNUSED_VARIABLE = YES;
				IPHONEOS_DEPLOYMENT_TARGET = 13.0;
				MTL_ENABLE_DEBUG_INFO = YES;
				ONLY_ACTIVE_ARCH = YES;
				SDKROOT = iphoneos;
				SWIFT_OPTIMIZATION_LEVEL = "-Onone";
			};
			name = Debug;
		};
		682A9B0E1C8E63E900014EA5 /* Release */ = {
			isa = XCBuildConfiguration;
			buildSettings = {
				ALWAYS_SEARCH_USER_PATHS = NO;
				CLANG_CXX_LANGUAGE_STANDARD = "gnu++0x";
				CLANG_CXX_LIBRARY = "libc++";
				CLANG_ENABLE_MODULES = YES;
				CLANG_ENABLE_OBJC_ARC = YES;
				CLANG_WARN_BLOCK_CAPTURE_AUTORELEASING = YES;
				CLANG_WARN_BOOL_CONVERSION = YES;
				CLANG_WARN_COMMA = YES;
				CLANG_WARN_CONSTANT_CONVERSION = YES;
				CLANG_WARN_DEPRECATED_OBJC_IMPLEMENTATIONS = YES;
				CLANG_WARN_DIRECT_OBJC_ISA_USAGE = YES_ERROR;
				CLANG_WARN_EMPTY_BODY = YES;
				CLANG_WARN_ENUM_CONVERSION = YES;
				CLANG_WARN_INFINITE_RECURSION = YES;
				CLANG_WARN_INT_CONVERSION = YES;
				CLANG_WARN_NON_LITERAL_NULL_CONVERSION = YES;
				CLANG_WARN_OBJC_IMPLICIT_RETAIN_SELF = YES;
				CLANG_WARN_OBJC_LITERAL_CONVERSION = YES;
				CLANG_WARN_OBJC_ROOT_CLASS = YES_ERROR;
				CLANG_WARN_QUOTED_INCLUDE_IN_FRAMEWORK_HEADER = YES;
				CLANG_WARN_RANGE_LOOP_ANALYSIS = YES;
				CLANG_WARN_STRICT_PROTOTYPES = YES;
				CLANG_WARN_SUSPICIOUS_MOVE = YES;
				CLANG_WARN_UNREACHABLE_CODE = YES;
				CLANG_WARN__DUPLICATE_METHOD_MATCH = YES;
				"CODE_SIGN_IDENTITY[sdk=iphoneos*]" = "iPhone Developer";
				COPY_PHASE_STRIP = NO;
				DEBUG_INFORMATION_FORMAT = "dwarf-with-dsym";
				ENABLE_NS_ASSERTIONS = NO;
				ENABLE_STRICT_OBJC_MSGSEND = YES;
				GCC_C_LANGUAGE_STANDARD = gnu99;
				GCC_NO_COMMON_BLOCKS = YES;
				GCC_WARN_64_TO_32_BIT_CONVERSION = YES;
				GCC_WARN_ABOUT_RETURN_TYPE = YES_ERROR;
				GCC_WARN_UNDECLARED_SELECTOR = YES;
				GCC_WARN_UNINITIALIZED_AUTOS = YES_AGGRESSIVE;
				GCC_WARN_UNUSED_FUNCTION = YES;
				GCC_WARN_UNUSED_VARIABLE = YES;
				IPHONEOS_DEPLOYMENT_TARGET = 13.0;
				MTL_ENABLE_DEBUG_INFO = NO;
				SDKROOT = iphoneos;
				SWIFT_OPTIMIZATION_LEVEL = "-Owholemodule";
				VALIDATE_PRODUCT = YES;
			};
			name = Release;
		};
		682A9B101C8E63E900014EA5 /* Debug */ = {
			isa = XCBuildConfiguration;
			baseConfigurationReference = 716E2482BFCF9EF240372321 /* Pods-Yosemite.debug.xcconfig */;
			buildSettings = {
				ALWAYS_EMBED_SWIFT_STANDARD_LIBRARIES = YES;
				ASSETCATALOG_COMPILER_APPICON_NAME = "Application Icon";
				CURRENT_PROJECT_VERSION = 0;
				DEVELOPMENT_TEAM = 7R4R2FSWH9;
				INFOPLIST_FILE = Application/Info.plist;
				IPHONEOS_DEPLOYMENT_TARGET = 14.0;
				LD_RUNPATH_SEARCH_PATHS = "$(inherited) @executable_path/Frameworks";
				MARKETING_VERSION = 0.0.0;
				PRODUCT_BUNDLE_IDENTIFIER = us.neotechnica.yosemite;
				PRODUCT_NAME = Yosemite;
				SWIFT_OBJC_BRIDGING_HEADER = "";
				SWIFT_VERSION = 5.0;
				TARGETED_DEVICE_FAMILY = 1;
			};
			name = Debug;
		};
		682A9B111C8E63E900014EA5 /* Release */ = {
			isa = XCBuildConfiguration;
			baseConfigurationReference = FE3759850918D5E97B1D1265 /* Pods-Yosemite.release.xcconfig */;
			buildSettings = {
				ALWAYS_EMBED_SWIFT_STANDARD_LIBRARIES = YES;
				ASSETCATALOG_COMPILER_APPICON_NAME = "Application Icon";
				CURRENT_PROJECT_VERSION = 0;
				DEVELOPMENT_TEAM = 7R4R2FSWH9;
				INFOPLIST_FILE = Application/Info.plist;
				IPHONEOS_DEPLOYMENT_TARGET = 14.0;
				LD_RUNPATH_SEARCH_PATHS = "$(inherited) @executable_path/Frameworks";
				MARKETING_VERSION = 0.0.0;
				PRODUCT_BUNDLE_IDENTIFIER = us.neotechnica.yosemite;
				PRODUCT_NAME = Yosemite;
				SWIFT_OBJC_BRIDGING_HEADER = "";
				SWIFT_VERSION = 5.0;
				TARGETED_DEVICE_FAMILY = 1;
			};
			name = Release;
		};
/* End XCBuildConfiguration section */

/* Begin XCConfigurationList section */
		682A9AF81C8E63E900014EA5 /* Build configuration list for PBXProject "Yosemite" */ = {
			isa = XCConfigurationList;
			buildConfigurations = (
				682A9B0D1C8E63E900014EA5 /* Debug */,
				682A9B0E1C8E63E900014EA5 /* Release */,
			);
			defaultConfigurationIsVisible = 0;
			defaultConfigurationName = Release;
		};
		682A9B0F1C8E63E900014EA5 /* Build configuration list for PBXNativeTarget "Yosemite" */ = {
			isa = XCConfigurationList;
			buildConfigurations = (
				682A9B101C8E63E900014EA5 /* Debug */,
				682A9B111C8E63E900014EA5 /* Release */,
			);
			defaultConfigurationIsVisible = 0;
			defaultConfigurationName = Release;
		};
/* End XCConfigurationList section */
	};
	rootObject = 682A9AF51C8E63E900014EA5 /* Project object */;
}
